
Microsoft Visual Studio Solution File, Format Version 12.00
# Visual Studio Version 17
VisualStudioVersion = 17.11.35327.3
MinimumVisualStudioVersion = 10.0.40219.1
Project("{FAE04EC0-301F-11D3-BF4B-00C04F79EFBC}") = "213032_lab_mid", "213032_lab_mid\213032_lab_mid.csproj", "{BDA0B01B-0B03-4488-B6FE-797559A43350}"
EndProject
Global
	GlobalSection(SolutionConfigurationPlatforms) = preSolution
		Debug|Any CPU = Debug|Any CPU
		Release|Any CPU = Release|Any CPU
	EndGlobalSection
	GlobalSection(ProjectConfigurationPlatforms) = postSolution
		{BDA0B01B-0B03-4488-B6FE-797559A43350}.Debug|Any CPU.ActiveCfg = Debug|Any CPU
		{BDA0B01B-0B03-4488-B6FE-797559A43350}.Debug|Any CPU.Build.0 = Debug|Any CPU
		{BDA0B01B-0B03-4488-B6FE-797559A43350}.Release|Any CPU.ActiveCfg = Release|Any CPU
		{BDA0B01B-0B03-4488-B6FE-797559A43350}.Release|Any CPU.Build.0 = Release|Any CPU
	EndGlobalSection
	GlobalSection(SolutionProperties) = preSolution
		HideSolutionNode = FALSE
	EndGlobalSection
	GlobalSection(ExtensibilityGlobals) = postSolution
		SolutionGuid = {DD26BC22-607F-46E1-84FB-B802B28D7685}
	EndGlobalSection
EndGlobal
